// !$*UTF8*$!
{
	archiveVersion = 1;
	classes = {
	};
	objectVersion = 55;
	objects = {

/* Begin PBXBuildFile section */
		18875769272FA81300E307C6 /* FirebaseAuth in Frameworks */ = {isa = PBXBuildFile; productRef = 18875768272FA81300E307C6 /* FirebaseAuth */; };
		1887576B272FA81300E307C6 /* FirebaseDatabase in Frameworks */ = {isa = PBXBuildFile; productRef = 1887576A272FA81300E307C6 /* FirebaseDatabase */; };
		1887576D272FA81300E307C6 /* FirebaseFirestore in Frameworks */ = {isa = PBXBuildFile; productRef = 1887576C272FA81300E307C6 /* FirebaseFirestore */; };
		18B23572272F9E77002F346B /* FirebaseLogin.swift in Sources */ = {isa = PBXBuildFile; fileRef = 18B23571272F9E77002F346B /* FirebaseLogin.swift */; };
		18B23574272FA298002F346B /* UplifthingsExamples.swift in Sources */ = {isa = PBXBuildFile; fileRef = 18B23573272FA298002F346B /* UplifthingsExamples.swift */; };
		18B23576272FA35C002F346B /* FirestoreManager.swift in Sources */ = {isa = PBXBuildFile; fileRef = 18B23575272FA35C002F346B /* FirestoreManager.swift */; };
		18DEAE24271FFD1F00ED2C9A /* uplifthingsApp.swift in Sources */ = {isa = PBXBuildFile; fileRef = 18DEAE23271FFD1F00ED2C9A /* uplifthingsApp.swift */; };
		18DEAE26271FFD1F00ED2C9A /* ContentView.swift in Sources */ = {isa = PBXBuildFile; fileRef = 18DEAE25271FFD1F00ED2C9A /* ContentView.swift */; };
		18DEAE28271FFD2000ED2C9A /* Assets.xcassets in Resources */ = {isa = PBXBuildFile; fileRef = 18DEAE27271FFD2000ED2C9A /* Assets.xcassets */; };
		18DEAE2B271FFD2000ED2C9A /* Preview Assets.xcassets in Resources */ = {isa = PBXBuildFile; fileRef = 18DEAE2A271FFD2000ED2C9A /* Preview Assets.xcassets */; };
		18DEAE35271FFD2100ED2C9A /* uplifthingsTests.swift in Sources */ = {isa = PBXBuildFile; fileRef = 18DEAE34271FFD2100ED2C9A /* uplifthingsTests.swift */; };
		18DEAE3F271FFD2100ED2C9A /* uplifthingsUITests.swift in Sources */ = {isa = PBXBuildFile; fileRef = 18DEAE3E271FFD2100ED2C9A /* uplifthingsUITests.swift */; };
		18DEAE41271FFD2100ED2C9A /* uplifthingsUITestsLaunchTests.swift in Sources */ = {isa = PBXBuildFile; fileRef = 18DEAE40271FFD2100ED2C9A /* uplifthingsUITestsLaunchTests.swift */; };
		18DEAE4E272F8F2800ED2C9A /* GoogleService-Info.plist in Resources */ = {isa = PBXBuildFile; fileRef = 18DEAE4D272F8F2700ED2C9A /* GoogleService-Info.plist */; };
		18DEAE4F272F8F2800ED2C9A /* GoogleService-Info.plist in Resources */ = {isa = PBXBuildFile; fileRef = 18DEAE4D272F8F2700ED2C9A /* GoogleService-Info.plist */; };
		18DEAE50272F8F2800ED2C9A /* GoogleService-Info.plist in Resources */ = {isa = PBXBuildFile; fileRef = 18DEAE4D272F8F2700ED2C9A /* GoogleService-Info.plist */; };
		18DEAE59272F94A000ED2C9A /* UplifthingsList.swift in Sources */ = {isa = PBXBuildFile; fileRef = 18DEAE58272F94A000ED2C9A /* UplifthingsList.swift */; };
		18DEAE5A272F94A000ED2C9A /* UplifthingsList.swift in Sources */ = {isa = PBXBuildFile; fileRef = 18DEAE58272F94A000ED2C9A /* UplifthingsList.swift */; };
		18DEAE5B272F94A000ED2C9A /* UplifthingsList.swift in Sources */ = {isa = PBXBuildFile; fileRef = 18DEAE58272F94A000ED2C9A /* UplifthingsList.swift */; };
/* End PBXBuildFile section */

/* Begin PBXContainerItemProxy section */
		18DEAE31271FFD2100ED2C9A /* PBXContainerItemProxy */ = {
			isa = PBXContainerItemProxy;
			containerPortal = 18DEAE18271FFD1F00ED2C9A /* Project object */;
			proxyType = 1;
			remoteGlobalIDString = 18DEAE1F271FFD1F00ED2C9A;
			remoteInfo = uplifthings;
		};
		18DEAE3B271FFD2100ED2C9A /* PBXContainerItemProxy */ = {
			isa = PBXContainerItemProxy;
			containerPortal = 18DEAE18271FFD1F00ED2C9A /* Project object */;
			proxyType = 1;
			remoteGlobalIDString = 18DEAE1F271FFD1F00ED2C9A;
			remoteInfo = uplifthings;
		};
/* End PBXContainerItemProxy section */

/* Begin PBXFileReference section */
		18B23571272F9E77002F346B /* FirebaseLogin.swift */ = {isa = PBXFileReference; lastKnownFileType = sourcecode.swift; path = FirebaseLogin.swift; sourceTree = "<group>"; };
		18B23573272FA298002F346B /* UplifthingsExamples.swift */ = {isa = PBXFileReference; lastKnownFileType = sourcecode.swift; path = UplifthingsExamples.swift; sourceTree = "<group>"; };
		18B23575272FA35C002F346B /* FirestoreManager.swift */ = {isa = PBXFileReference; lastKnownFileType = sourcecode.swift; path = FirestoreManager.swift; sourceTree = "<group>"; };
		18DEAE20271FFD1F00ED2C9A /* uplifthings.app */ = {isa = PBXFileReference; explicitFileType = wrapper.application; includeInIndex = 0; path = uplifthings.app; sourceTree = BUILT_PRODUCTS_DIR; };
		18DEAE23271FFD1F00ED2C9A /* uplifthingsApp.swift */ = {isa = PBXFileReference; lastKnownFileType = sourcecode.swift; path = uplifthingsApp.swift; sourceTree = "<group>"; };
		18DEAE25271FFD1F00ED2C9A /* ContentView.swift */ = {isa = PBXFileReference; lastKnownFileType = sourcecode.swift; path = ContentView.swift; sourceTree = "<group>"; };
		18DEAE27271FFD2000ED2C9A /* Assets.xcassets */ = {isa = PBXFileReference; lastKnownFileType = folder.assetcatalog; path = Assets.xcassets; sourceTree = "<group>"; };
		18DEAE2A271FFD2000ED2C9A /* Preview Assets.xcassets */ = {isa = PBXFileReference; lastKnownFileType = folder.assetcatalog; path = "Preview Assets.xcassets"; sourceTree = "<group>"; };
		18DEAE30271FFD2100ED2C9A /* uplifthingsTests.xctest */ = {isa = PBXFileReference; explicitFileType = wrapper.cfbundle; includeInIndex = 0; path = uplifthingsTests.xctest; sourceTree = BUILT_PRODUCTS_DIR; };
		18DEAE34271FFD2100ED2C9A /* uplifthingsTests.swift */ = {isa = PBXFileReference; lastKnownFileType = sourcecode.swift; path = uplifthingsTests.swift; sourceTree = "<group>"; };
		18DEAE3A271FFD2100ED2C9A /* uplifthingsUITests.xctest */ = {isa = PBXFileReference; explicitFileType = wrapper.cfbundle; includeInIndex = 0; path = uplifthingsUITests.xctest; sourceTree = BUILT_PRODUCTS_DIR; };
		18DEAE3E271FFD2100ED2C9A /* uplifthingsUITests.swift */ = {isa = PBXFileReference; lastKnownFileType = sourcecode.swift; path = uplifthingsUITests.swift; sourceTree = "<group>"; };
		18DEAE40271FFD2100ED2C9A /* uplifthingsUITestsLaunchTests.swift */ = {isa = PBXFileReference; lastKnownFileType = sourcecode.swift; path = uplifthingsUITestsLaunchTests.swift; sourceTree = "<group>"; };
		18DEAE4D272F8F2700ED2C9A /* GoogleService-Info.plist */ = {isa = PBXFileReference; fileEncoding = 4; lastKnownFileType = text.plist.xml; path = "GoogleService-Info.plist"; sourceTree = "<group>"; };
		18DEAE58272F94A000ED2C9A /* UplifthingsList.swift */ = {isa = PBXFileReference; lastKnownFileType = sourcecode.swift; path = UplifthingsList.swift; sourceTree = "<group>"; };
/* End PBXFileReference section */

/* Begin PBXFrameworksBuildPhase section */
		18DEAE1D271FFD1F00ED2C9A /* Frameworks */ = {
			isa = PBXFrameworksBuildPhase;
			buildActionMask = 2147483647;
			files = (
				1887576B272FA81300E307C6 /* FirebaseDatabase in Frameworks */,
				18875769272FA81300E307C6 /* FirebaseAuth in Frameworks */,
				1887576D272FA81300E307C6 /* FirebaseFirestore in Frameworks */,
			);
			runOnlyForDeploymentPostprocessing = 0;
		};
		18DEAE2D271FFD2100ED2C9A /* Frameworks */ = {
			isa = PBXFrameworksBuildPhase;
			buildActionMask = 2147483647;
			files = (
			);
			runOnlyForDeploymentPostprocessing = 0;
		};
		18DEAE37271FFD2100ED2C9A /* Frameworks */ = {
			isa = PBXFrameworksBuildPhase;
			buildActionMask = 2147483647;
			files = (
			);
			runOnlyForDeploymentPostprocessing = 0;
		};
/* End PBXFrameworksBuildPhase section */

/* Begin PBXGroup section */
		18DEAE17271FFD1F00ED2C9A = {
			isa = PBXGroup;
			children = (
				18DEAE4D272F8F2700ED2C9A /* GoogleService-Info.plist */,
				18DEAE22271FFD1F00ED2C9A /* uplifthings */,
				18DEAE33271FFD2100ED2C9A /* uplifthingsTests */,
				18DEAE3D271FFD2100ED2C9A /* uplifthingsUITests */,
				18DEAE21271FFD1F00ED2C9A /* Products */,
			);
			sourceTree = "<group>";
		};
		18DEAE21271FFD1F00ED2C9A /* Products */ = {
			isa = PBXGroup;
			children = (
				18DEAE20271FFD1F00ED2C9A /* uplifthings.app */,
				18DEAE30271FFD2100ED2C9A /* uplifthingsTests.xctest */,
				18DEAE3A271FFD2100ED2C9A /* uplifthingsUITests.xctest */,
			);
			name = Products;
			sourceTree = "<group>";
		};
		18DEAE22271FFD1F00ED2C9A /* uplifthings */ = {
			isa = PBXGroup;
			children = (
				18DEAE23271FFD1F00ED2C9A /* uplifthingsApp.swift */,
				18DEAE25271FFD1F00ED2C9A /* ContentView.swift */,
				18DEAE27271FFD2000ED2C9A /* Assets.xcassets */,
				18DEAE29271FFD2000ED2C9A /* Preview Content */,
				18DEAE58272F94A000ED2C9A /* UplifthingsList.swift */,
				18B23571272F9E77002F346B /* FirebaseLogin.swift */,
				18B23573272FA298002F346B /* UplifthingsExamples.swift */,
				18B23575272FA35C002F346B /* FirestoreManager.swift */,
			);
			path = uplifthings;
			sourceTree = "<group>";
		};
		18DEAE29271FFD2000ED2C9A /* Preview Content */ = {
			isa = PBXGroup;
			children = (
				18DEAE2A271FFD2000ED2C9A /* Preview Assets.xcassets */,
			);
			path = "Preview Content";
			sourceTree = "<group>";
		};
		18DEAE33271FFD2100ED2C9A /* uplifthingsTests */ = {
			isa = PBXGroup;
			children = (
				18DEAE34271FFD2100ED2C9A /* uplifthingsTests.swift */,
			);
			path = uplifthingsTests;
			sourceTree = "<group>";
		};
		18DEAE3D271FFD2100ED2C9A /* uplifthingsUITests */ = {
			isa = PBXGroup;
			children = (
				18DEAE3E271FFD2100ED2C9A /* uplifthingsUITests.swift */,
				18DEAE40271FFD2100ED2C9A /* uplifthingsUITestsLaunchTests.swift */,
			);
			path = uplifthingsUITests;
			sourceTree = "<group>";
		};
/* End PBXGroup section */

/* Begin PBXNativeTarget section */
		18DEAE1F271FFD1F00ED2C9A /* uplifthings */ = {
			isa = PBXNativeTarget;
			buildConfigurationList = 18DEAE44271FFD2100ED2C9A /* Build configuration list for PBXNativeTarget "uplifthings" */;
			buildPhases = (
				18DEAE1C271FFD1F00ED2C9A /* Sources */,
				18DEAE1D271FFD1F00ED2C9A /* Frameworks */,
				18DEAE1E271FFD1F00ED2C9A /* Resources */,
			);
			buildRules = (
			);
			dependencies = (
			);
			name = uplifthings;
			packageProductDependencies = (
				18875768272FA81300E307C6 /* FirebaseAuth */,
				1887576A272FA81300E307C6 /* FirebaseDatabase */,
				1887576C272FA81300E307C6 /* FirebaseFirestore */,
			);
			productName = uplifthings;
			productReference = 18DEAE20271FFD1F00ED2C9A /* uplifthings.app */;
			productType = "com.apple.product-type.application";
		};
		18DEAE2F271FFD2100ED2C9A /* uplifthingsTests */ = {
			isa = PBXNativeTarget;
			buildConfigurationList = 18DEAE47271FFD2100ED2C9A /* Build configuration list for PBXNativeTarget "uplifthingsTests" */;
			buildPhases = (
				18DEAE2C271FFD2100ED2C9A /* Sources */,
				18DEAE2D271FFD2100ED2C9A /* Frameworks */,
				18DEAE2E271FFD2100ED2C9A /* Resources */,
			);
			buildRules = (
			);
			dependencies = (
				18DEAE32271FFD2100ED2C9A /* PBXTargetDependency */,
			);
			name = uplifthingsTests;
			productName = uplifthingsTests;
			productReference = 18DEAE30271FFD2100ED2C9A /* uplifthingsTests.xctest */;
			productType = "com.apple.product-type.bundle.unit-test";
		};
		18DEAE39271FFD2100ED2C9A /* uplifthingsUITests */ = {
			isa = PBXNativeTarget;
			buildConfigurationList = 18DEAE4A271FFD2100ED2C9A /* Build configuration list for PBXNativeTarget "uplifthingsUITests" */;
			buildPhases = (
				18DEAE36271FFD2100ED2C9A /* Sources */,
				18DEAE37271FFD2100ED2C9A /* Frameworks */,
				18DEAE38271FFD2100ED2C9A /* Resources */,
			);
			buildRules = (
			);
			dependencies = (
				18DEAE3C271FFD2100ED2C9A /* PBXTargetDependency */,
			);
			name = uplifthingsUITests;
			productName = uplifthingsUITests;
			productReference = 18DEAE3A271FFD2100ED2C9A /* uplifthingsUITests.xctest */;
			productType = "com.apple.product-type.bundle.ui-testing";
		};
/* End PBXNativeTarget section */

/* Begin PBXProject section */
		18DEAE18271FFD1F00ED2C9A /* Project object */ = {
			isa = PBXProject;
			attributes = {
				BuildIndependentTargetsInParallel = 1;
				LastSwiftUpdateCheck = 1300;
				LastUpgradeCheck = 1300;
				TargetAttributes = {
					18DEAE1F271FFD1F00ED2C9A = {
						CreatedOnToolsVersion = 13.0;
					};
					18DEAE2F271FFD2100ED2C9A = {
						CreatedOnToolsVersion = 13.0;
						TestTargetID = 18DEAE1F271FFD1F00ED2C9A;
					};
					18DEAE39271FFD2100ED2C9A = {
						CreatedOnToolsVersion = 13.0;
						TestTargetID = 18DEAE1F271FFD1F00ED2C9A;
					};
				};
			};
			buildConfigurationList = 18DEAE1B271FFD1F00ED2C9A /* Build configuration list for PBXProject "uplifthings" */;
			compatibilityVersion = "Xcode 13.0";
			developmentRegion = en;
			hasScannedForEncodings = 0;
			knownRegions = (
				en,
				Base,
			);
			mainGroup = 18DEAE17271FFD1F00ED2C9A;
			packageReferences = (
				18875767272FA81300E307C6 /* XCRemoteSwiftPackageReference "firebase-ios-sdk" */,
			);
			productRefGroup = 18DEAE21271FFD1F00ED2C9A /* Products */;
			projectDirPath = "";
			projectRoot = "";
			targets = (
				18DEAE1F271FFD1F00ED2C9A /* uplifthings */,
				18DEAE2F271FFD2100ED2C9A /* uplifthingsTests */,
				18DEAE39271FFD2100ED2C9A /* uplifthingsUITests */,
			);
		};
/* End PBXProject section */

/* Begin PBXResourcesBuildPhase section */
		18DEAE1E271FFD1F00ED2C9A /* Resources */ = {
			isa = PBXResourcesBuildPhase;
			buildActionMask = 2147483647;
			files = (
				18DEAE2B271FFD2000ED2C9A /* Preview Assets.xcassets in Resources */,
				18DEAE28271FFD2000ED2C9A /* Assets.xcassets in Resources */,
				18DEAE4E272F8F2800ED2C9A /* GoogleService-Info.plist in Resources */,
			);
			runOnlyForDeploymentPostprocessing = 0;
		};
		18DEAE2E271FFD2100ED2C9A /* Resources */ = {
			isa = PBXResourcesBuildPhase;
			buildActionMask = 2147483647;
			files = (
				18DEAE4F272F8F2800ED2C9A /* GoogleService-Info.plist in Resources */,
			);
			runOnlyForDeploymentPostprocessing = 0;
		};
		18DEAE38271FFD2100ED2C9A /* Resources */ = {
			isa = PBXResourcesBuildPhase;
			buildActionMask = 2147483647;
			files = (
				18DEAE50272F8F2800ED2C9A /* GoogleService-Info.plist in Resources */,
			);
			runOnlyForDeploymentPostprocessing = 0;
		};
/* End PBXResourcesBuildPhase section */

/* Begin PBXSourcesBuildPhase section */
		18DEAE1C271FFD1F00ED2C9A /* Sources */ = {
			isa = PBXSourcesBuildPhase;
			buildActionMask = 2147483647;
			files = (
				18B23572272F9E77002F346B /* FirebaseLogin.swift in Sources */,
				18B23576272FA35C002F346B /* FirestoreManager.swift in Sources */,
				18DEAE59272F94A000ED2C9A /* UplifthingsList.swift in Sources */,
				18DEAE26271FFD1F00ED2C9A /* ContentView.swift in Sources */,
				18B23574272FA298002F346B /* UplifthingsExamples.swift in Sources */,
				18DEAE24271FFD1F00ED2C9A /* uplifthingsApp.swift in Sources */,
			);
			runOnlyForDeploymentPostprocessing = 0;
		};
		18DEAE2C271FFD2100ED2C9A /* Sources */ = {
			isa = PBXSourcesBuildPhase;
			buildActionMask = 2147483647;
			files = (
				18DEAE35271FFD2100ED2C9A /* uplifthingsTests.swift in Sources */,
				18DEAE5A272F94A000ED2C9A /* UplifthingsList.swift in Sources */,
			);
			runOnlyForDeploymentPostprocessing = 0;
		};
		18DEAE36271FFD2100ED2C9A /* Sources */ = {
			isa = PBXSourcesBuildPhase;
			buildActionMask = 2147483647;
			files = (
				18DEAE5B272F94A000ED2C9A /* UplifthingsList.swift in Sources */,
				18DEAE41271FFD2100ED2C9A /* uplifthingsUITestsLaunchTests.swift in Sources */,
				18DEAE3F271FFD2100ED2C9A /* uplifthingsUITests.swift in Sources */,
			);
			runOnlyForDeploymentPostprocessing = 0;
		};
/* End PBXSourcesBuildPhase section */

/* Begin PBXTargetDependency section */
		18DEAE32271FFD2100ED2C9A /* PBXTargetDependency */ = {
			isa = PBXTargetDependency;
			target = 18DEAE1F271FFD1F00ED2C9A /* uplifthings */;
			targetProxy = 18DEAE31271FFD2100ED2C9A /* PBXContainerItemProxy */;
		};
		18DEAE3C271FFD2100ED2C9A /* PBXTargetDependency */ = {
			isa = PBXTargetDependency;
			target = 18DEAE1F271FFD1F00ED2C9A /* uplifthings */;
			targetProxy = 18DEAE3B271FFD2100ED2C9A /* PBXContainerItemProxy */;
		};
/* End PBXTargetDependency section */

/* Begin XCBuildConfiguration section */
		18DEAE42271FFD2100ED2C9A /* Debug */ = {
			isa = XCBuildConfiguration;
			buildSettings = {
				ALWAYS_SEARCH_USER_PATHS = NO;
				CLANG_ANALYZER_NONNULL = YES;
				CLANG_ANALYZER_NUMBER_OBJECT_CONVERSION = YES_AGGRESSIVE;
				CLANG_CXX_LANGUAGE_STANDARD = "gnu++17";
				CLANG_CXX_LIBRARY = "libc++";
				CLANG_ENABLE_MODULES = YES;
				CLANG_ENABLE_OBJC_ARC = YES;
				CLANG_ENABLE_OBJC_WEAK = YES;
				CLANG_WARN_BLOCK_CAPTURE_AUTORELEASING = YES;
				CLANG_WARN_BOOL_CONVERSION = YES;
				CLANG_WARN_COMMA = YES;
				CLANG_WARN_CONSTANT_CONVERSION = YES;
				CLANG_WARN_DEPRECATED_OBJC_IMPLEMENTATIONS = YES;
				CLANG_WARN_DIRECT_OBJC_ISA_USAGE = YES_ERROR;
				CLANG_WARN_DOCUMENTATION_COMMENTS = YES;
				CLANG_WARN_EMPTY_BODY = YES;
				CLANG_WARN_ENUM_CONVERSION = YES;
				CLANG_WARN_INFINITE_RECURSION = YES;
				CLANG_WARN_INT_CONVERSION = YES;
				CLANG_WARN_NON_LITERAL_NULL_CONVERSION = YES;
				CLANG_WARN_OBJC_IMPLICIT_RETAIN_SELF = YES;
				CLANG_WARN_OBJC_LITERAL_CONVERSION = YES;
				CLANG_WARN_OBJC_ROOT_CLASS = YES_ERROR;
				CLANG_WARN_QUOTED_INCLUDE_IN_FRAMEWORK_HEADER = YES;
				CLANG_WARN_RANGE_LOOP_ANALYSIS = YES;
				CLANG_WARN_STRICT_PROTOTYPES = YES;
				CLANG_WARN_SUSPICIOUS_MOVE = YES;
				CLANG_WARN_UNGUARDED_AVAILABILITY = YES_AGGRESSIVE;
				CLANG_WARN_UNREACHABLE_CODE = YES;
				CLANG_WARN__DUPLICATE_METHOD_MATCH = YES;
				COPY_PHASE_STRIP = NO;
				DEBUG_INFORMATION_FORMAT = dwarf;
				ENABLE_STRICT_OBJC_MSGSEND = YES;
				ENABLE_TESTABILITY = YES;
				GCC_C_LANGUAGE_STANDARD = gnu11;
				GCC_DYNAMIC_NO_PIC = NO;
				GCC_NO_COMMON_BLOCKS = YES;
				GCC_OPTIMIZATION_LEVEL = 0;
				GCC_PREPROCESSOR_DEFINITIONS = (
					"DEBUG=1",
					"$(inherited)",
				);
				GCC_WARN_64_TO_32_BIT_CONVERSION = YES;
				GCC_WARN_ABOUT_RETURN_TYPE = YES_ERROR;
				GCC_WARN_UNDECLARED_SELECTOR = YES;
				GCC_WARN_UNINITIALIZED_AUTOS = YES_AGGRESSIVE;
				GCC_WARN_UNUSED_FUNCTION = YES;
				GCC_WARN_UNUSED_VARIABLE = YES;
				IPHONEOS_DEPLOYMENT_TARGET = 15.0;
				MTL_ENABLE_DEBUG_INFO = INCLUDE_SOURCE;
				MTL_FAST_MATH = YES;
				ONLY_ACTIVE_ARCH = YES;
				SDKROOT = iphoneos;
				SWIFT_ACTIVE_COMPILATION_CONDITIONS = DEBUG;
				SWIFT_OPTIMIZATION_LEVEL = "-Onone";
			};
			name = Debug;
		};
		18DEAE43271FFD2100ED2C9A /* Release */ = {
			isa = XCBuildConfiguration;
			buildSettings = {
				ALWAYS_SEARCH_USER_PATHS = NO;
				CLANG_ANALYZER_NONNULL = YES;
				CLANG_ANALYZER_NUMBER_OBJECT_CONVERSION = YES_AGGRESSIVE;
				CLANG_CXX_LANGUAGE_STANDARD = "gnu++17";
				CLANG_CXX_LIBRARY = "libc++";
				CLANG_ENABLE_MODULES = YES;
				CLANG_ENABLE_OBJC_ARC = YES;
				CLANG_ENABLE_OBJC_WEAK = YES;
				CLANG_WARN_BLOCK_CAPTURE_AUTORELEASING = YES;
				CLANG_WARN_BOOL_CONVERSION = YES;
				CLANG_WARN_COMMA = YES;
				CLANG_WARN_CONSTANT_CONVERSION = YES;
				CLANG_WARN_DEPRECATED_OBJC_IMPLEMENTATIONS = YES;
				CLANG_WARN_DIRECT_OBJC_ISA_USAGE = YES_ERROR;
				CLANG_WARN_DOCUMENTATION_COMMENTS = YES;
				CLANG_WARN_EMPTY_BODY = YES;
				CLANG_WARN_ENUM_CONVERSION = YES;
				CLANG_WARN_INFINITE_RECURSION = YES;
				CLANG_WARN_INT_CONVERSION = YES;
				CLANG_WARN_NON_LITERAL_NULL_CONVERSION = YES;
				CLANG_WARN_OBJC_IMPLICIT_RETAIN_SELF = YES;
				CLANG_WARN_OBJC_LITERAL_CONVERSION = YES;
				CLANG_WARN_OBJC_ROOT_CLASS = YES_ERROR;
				CLANG_WARN_QUOTED_INCLUDE_IN_FRAMEWORK_HEADER = YES;
				CLANG_WARN_RANGE_LOOP_ANALYSIS = YES;
				CLANG_WARN_STRICT_PROTOTYPES = YES;
				CLANG_WARN_SUSPICIOUS_MOVE = YES;
				CLANG_WARN_UNGUARDED_AVAILABILITY = YES_AGGRESSIVE;
				CLANG_WARN_UNREACHABLE_CODE = YES;
				CLANG_WARN__DUPLICATE_METHOD_MATCH = YES;
				COPY_PHASE_STRIP = NO;
				DEBUG_INFORMATION_FORMAT = "dwarf-with-dsym";
				ENABLE_NS_ASSERTIONS = NO;
				ENABLE_STRICT_OBJC_MSGSEND = YES;
				GCC_C_LANGUAGE_STANDARD = gnu11;
				GCC_NO_COMMON_BLOCKS = YES;
				GCC_WARN_64_TO_32_BIT_CONVERSION = YES;
				GCC_WARN_ABOUT_RETURN_TYPE = YES_ERROR;
				GCC_WARN_UNDECLARED_SELECTOR = YES;
				GCC_WARN_UNINITIALIZED_AUTOS = YES_AGGRESSIVE;
				GCC_WARN_UNUSED_FUNCTION = YES;
				GCC_WARN_UNUSED_VARIABLE = YES;
				IPHONEOS_DEPLOYMENT_TARGET = 15.0;
				MTL_ENABLE_DEBUG_INFO = NO;
				MTL_FAST_MATH = YES;
				SDKROOT = iphoneos;
				SWIFT_COMPILATION_MODE = wholemodule;
				SWIFT_OPTIMIZATION_LEVEL = "-O";
				VALIDATE_PRODUCT = YES;
			};
			name = Release;
		};
		18DEAE45271FFD2100ED2C9A /* Debug */ = {
			isa = XCBuildConfiguration;
			buildSettings = {
				ASSETCATALOG_COMPILER_APPICON_NAME = AppIcon;
				ASSETCATALOG_COMPILER_GLOBAL_ACCENT_COLOR_NAME = AccentColor;
				CODE_SIGN_STYLE = Automatic;
				CURRENT_PROJECT_VERSION = 1;
				DEVELOPMENT_ASSET_PATHS = "\"uplifthings/Preview Content\"";
				DEVELOPMENT_TEAM = 5D4W4U5W74;
				ENABLE_PREVIEWS = YES;
				GENERATE_INFOPLIST_FILE = YES;
				INFOPLIST_KEY_UIApplicationSceneManifest_Generation = YES;
				INFOPLIST_KEY_UIApplicationSupportsIndirectInputEvents = YES;
				INFOPLIST_KEY_UILaunchScreen_Generation = YES;
				INFOPLIST_KEY_UISupportedInterfaceOrientations_iPad = "UIInterfaceOrientationPortrait UIInterfaceOrientationPortraitUpsideDown UIInterfaceOrientationLandscapeLeft UIInterfaceOrientationLandscapeRight";
				INFOPLIST_KEY_UISupportedInterfaceOrientations_iPhone = "UIInterfaceOrientationPortrait UIInterfaceOrientationLandscapeLeft UIInterfaceOrientationLandscapeRight";
				IPHONEOS_DEPLOYMENT_TARGET = 15.0;
				LD_RUNPATH_SEARCH_PATHS = (
					"$(inherited)",
					"@executable_path/Frameworks",
				);
				MARKETING_VERSION = 1.0;
				PRODUCT_BUNDLE_IDENTIFIER = alfienity.uplifthings;
				PRODUCT_NAME = "$(TARGET_NAME)";
				SWIFT_EMIT_LOC_STRINGS = YES;
				SWIFT_VERSION = 5.0;
				TARGETED_DEVICE_FAMILY = "1,2";
			};
			name = Debug;
		};
		18DEAE46271FFD2100ED2C9A /* Release */ = {
			isa = XCBuildConfiguration;
			buildSettings = {
				ASSETCATALOG_COMPILER_APPICON_NAME = AppIcon;
				ASSETCATALOG_COMPILER_GLOBAL_ACCENT_COLOR_NAME = AccentColor;
				CODE_SIGN_STYLE = Automatic;
				CURRENT_PROJECT_VERSION = 1;
				DEVELOPMENT_ASSET_PATHS = "\"uplifthings/Preview Content\"";
				DEVELOPMENT_TEAM = 5D4W4U5W74;
				ENABLE_PREVIEWS = YES;
				GENERATE_INFOPLIST_FILE = YES;
				INFOPLIST_KEY_UIApplicationSceneManifest_Generation = YES;
				INFOPLIST_KEY_UIApplicationSupportsIndirectInputEvents = YES;
				INFOPLIST_KEY_UILaunchScreen_Generation = YES;
				INFOPLIST_KEY_UISupportedInterfaceOrientations_iPad = "UIInterfaceOrientationPortrait UIInterfaceOrientationPortraitUpsideDown UIInterfaceOrientationLandscapeLeft UIInterfaceOrientationLandscapeRight";
				INFOPLIST_KEY_UISupportedInterfaceOrientations_iPhone = "UIInterfaceOrientationPortrait UIInterfaceOrientationLandscapeLeft UIInterfaceOrientationLandscapeRight";
				IPHONEOS_DEPLOYMENT_TARGET = 15.0;
				LD_RUNPATH_SEARCH_PATHS = (
					"$(inherited)",
					"@executable_path/Frameworks",
				);
				MARKETING_VERSION = 1.0;
				PRODUCT_BUNDLE_IDENTIFIER = alfienity.uplifthings;
				PRODUCT_NAME = "$(TARGET_NAME)";
				SWIFT_EMIT_LOC_STRINGS = YES;
				SWIFT_VERSION = 5.0;
				TARGETED_DEVICE_FAMILY = "1,2";
			};
			name = Release;
		};
		18DEAE48271FFD2100ED2C9A /* Debug */ = {
			isa = XCBuildConfiguration;
			buildSettings = {
				ALWAYS_EMBED_SWIFT_STANDARD_LIBRARIES = YES;
				BUNDLE_LOADER = "$(TEST_HOST)";
				CODE_SIGN_STYLE = Automatic;
				CURRENT_PROJECT_VERSION = 1;
				GENERATE_INFOPLIST_FILE = YES;
				IPHONEOS_DEPLOYMENT_TARGET = 15.0;
				LD_RUNPATH_SEARCH_PATHS = (
					"$(inherited)",
					"@executable_path/Frameworks",
					"@loader_path/Frameworks",
				);
				MARKETING_VERSION = 1.0;
				PRODUCT_BUNDLE_IDENTIFIER = alfienity.uplifthingsTests;
				PRODUCT_NAME = "$(TARGET_NAME)";
				SWIFT_EMIT_LOC_STRINGS = NO;
				SWIFT_VERSION = 5.0;
				TARGETED_DEVICE_FAMILY = "1,2";
				TEST_HOST = "$(BUILT_PRODUCTS_DIR)/uplifthings.app/uplifthings";
			};
			name = Debug;
		};
		18DEAE49271FFD2100ED2C9A /* Release */ = {
			isa = XCBuildConfiguration;
			buildSettings = {
				ALWAYS_EMBED_SWIFT_STANDARD_LIBRARIES = YES;
				BUNDLE_LOADER = "$(TEST_HOST)";
				CODE_SIGN_STYLE = Automatic;
				CURRENT_PROJECT_VERSION = 1;
				GENERATE_INFOPLIST_FILE = YES;
				IPHONEOS_DEPLOYMENT_TARGET = 15.0;
				LD_RUNPATH_SEARCH_PATHS = (
					"$(inherited)",
					"@executable_path/Frameworks",
					"@loader_path/Frameworks",
				);
				MARKETING_VERSION = 1.0;
				PRODUCT_BUNDLE_IDENTIFIER = alfienity.uplifthingsTests;
				PRODUCT_NAME = "$(TARGET_NAME)";
				SWIFT_EMIT_LOC_STRINGS = NO;
				SWIFT_VERSION = 5.0;
				TARGETED_DEVICE_FAMILY = "1,2";
				TEST_HOST = "$(BUILT_PRODUCTS_DIR)/uplifthings.app/uplifthings";
			};
			name = Release;
		};
		18DEAE4B271FFD2100ED2C9A /* Debug */ = {
			isa = XCBuildConfiguration;
			buildSettings = {
				ALWAYS_EMBED_SWIFT_STANDARD_LIBRARIES = YES;
				CODE_SIGN_STYLE = Automatic;
				CURRENT_PROJECT_VERSION = 1;
				GENERATE_INFOPLIST_FILE = YES;
				LD_RUNPATH_SEARCH_PATHS = (
					"$(inherited)",
					"@executable_path/Frameworks",
					"@loader_path/Frameworks",
				);
				MARKETING_VERSION = 1.0;
				PRODUCT_BUNDLE_IDENTIFIER = alfienity.uplifthingsUITests;
				PRODUCT_NAME = "$(TARGET_NAME)";
				SWIFT_EMIT_LOC_STRINGS = NO;
				SWIFT_VERSION = 5.0;
				TARGETED_DEVICE_FAMILY = "1,2";
				TEST_TARGET_NAME = uplifthings;
			};
			name = Debug;
		};
		18DEAE4C271FFD2100ED2C9A /* Release */ = {
			isa = XCBuildConfiguration;
			buildSettings = {
				ALWAYS_EMBED_SWIFT_STANDARD_LIBRARIES = YES;
				CODE_SIGN_STYLE = Automatic;
				CURRENT_PROJECT_VERSION = 1;
				GENERATE_INFOPLIST_FILE = YES;
				LD_RUNPATH_SEARCH_PATHS = (
					"$(inherited)",
					"@executable_path/Frameworks",
					"@loader_path/Frameworks",
				);
				MARKETING_VERSION = 1.0;
				PRODUCT_BUNDLE_IDENTIFIER = alfienity.uplifthingsUITests;
				PRODUCT_NAME = "$(TARGET_NAME)";
				SWIFT_EMIT_LOC_STRINGS = NO;
				SWIFT_VERSION = 5.0;
				TARGETED_DEVICE_FAMILY = "1,2";
				TEST_TARGET_NAME = uplifthings;
			};
			name = Release;
		};
/* End XCBuildConfiguration section */

/* Begin XCConfigurationList section */
		18DEAE1B271FFD1F00ED2C9A /* Build configuration list for PBXProject "uplifthings" */ = {
			isa = XCConfigurationList;
			buildConfigurations = (
				18DEAE42271FFD2100ED2C9A /* Debug */,
				18DEAE43271FFD2100ED2C9A /* Release */,
			);
			defaultConfigurationIsVisible = 0;
			defaultConfigurationName = Release;
		};
		18DEAE44271FFD2100ED2C9A /* Build configuration list for PBXNativeTarget "uplifthings" */ = {
			isa = XCConfigurationList;
			buildConfigurations = (
				18DEAE45271FFD2100ED2C9A /* Debug */,
				18DEAE46271FFD2100ED2C9A /* Release */,
			);
			defaultConfigurationIsVisible = 0;
			defaultConfigurationName = Release;
		};
		18DEAE47271FFD2100ED2C9A /* Build configuration list for PBXNativeTarget "uplifthingsTests" */ = {
			isa = XCConfigurationList;
			buildConfigurations = (
				18DEAE48271FFD2100ED2C9A /* Debug */,
				18DEAE49271FFD2100ED2C9A /* Release */,
			);
			defaultConfigurationIsVisible = 0;
			defaultConfigurationName = Release;
		};
		18DEAE4A271FFD2100ED2C9A /* Build configuration list for PBXNativeTarget "uplifthingsUITests" */ = {
			isa = XCConfigurationList;
			buildConfigurations = (
				18DEAE4B271FFD2100ED2C9A /* Debug */,
				18DEAE4C271FFD2100ED2C9A /* Release */,
			);
			defaultConfigurationIsVisible = 0;
			defaultConfigurationName = Release;
		};
/* End XCConfigurationList section */

/* Begin XCRemoteSwiftPackageReference section */
		18875767272FA81300E307C6 /* XCRemoteSwiftPackageReference "firebase-ios-sdk" */ = {
			isa = XCRemoteSwiftPackageReference;
			repositoryURL = "https://github.com/firebase/firebase-ios-sdk";
			requirement = {
				kind = upToNextMajorVersion;
				minimumVersion = 8.0.0;
			};
		};
/* End XCRemoteSwiftPackageReference section */

/* Begin XCSwiftPackageProductDependency section */
		18875768272FA81300E307C6 /* FirebaseAuth */ = {
			isa = XCSwiftPackageProductDependency;
			package = 18875767272FA81300E307C6 /* XCRemoteSwiftPackageReference "firebase-ios-sdk" */;
			productName = FirebaseAuth;
		};
		1887576A272FA81300E307C6 /* FirebaseDatabase */ = {
			isa = XCSwiftPackageProductDependency;
			package = 18875767272FA81300E307C6 /* XCRemoteSwiftPackageReference "firebase-ios-sdk" */;
			productName = FirebaseDatabase;
		};
		1887576C272FA81300E307C6 /* FirebaseFirestore */ = {
			isa = XCSwiftPackageProductDependency;
			package = 18875767272FA81300E307C6 /* XCRemoteSwiftPackageReference "firebase-ios-sdk" */;
			productName = FirebaseFirestore;
		};
/* End XCSwiftPackageProductDependency section */
	};
	rootObject = 18DEAE18271FFD1F00ED2C9A /* Project object */;
}
